// !$*UTF8*$!
{
	archiveVersion = 1;
	classes = {
	};
	objectVersion = 56;
	objects = {

/* Begin PBXBuildFile section */
		70284C592A442CF8007207D4 /* DescriptionTextView.swift in Sources */ = {isa = PBXBuildFile; fileRef = 70284C582A442CF8007207D4 /* DescriptionTextView.swift */; };
		70284C5B2A4434B0007207D4 /* DeadlineSwitch.swift in Sources */ = {isa = PBXBuildFile; fileRef = 70284C5A2A4434B0007207D4 /* DeadlineSwitch.swift */; };
		70284C5D2A4436E8007207D4 /* ImportanceSegmentControl.swift in Sources */ = {isa = PBXBuildFile; fileRef = 70284C5C2A4436E8007207D4 /* ImportanceSegmentControl.swift */; };
		70284C5F2A4439C5007207D4 /* SectionStackView.swift in Sources */ = {isa = PBXBuildFile; fileRef = 70284C5E2A4439C5007207D4 /* SectionStackView.swift */; };
		70284C612A443E93007207D4 /* UIFont+static.swift in Sources */ = {isa = PBXBuildFile; fileRef = 70284C602A443E93007207D4 /* UIFont+static.swift */; };
		7061EACB2A4212520083FCC5 /* SFProText-Semibold.ttf in Resources */ = {isa = PBXBuildFile; fileRef = 7061EACA2A4212520083FCC5 /* SFProText-Semibold.ttf */; };
		706E176B2A3C7C56007A77B3 /* AppDelegate.swift in Sources */ = {isa = PBXBuildFile; fileRef = 706E176A2A3C7C56007A77B3 /* AppDelegate.swift */; };
		706E176F2A3C7C56007A77B3 /* DetailViewController.swift in Sources */ = {isa = PBXBuildFile; fileRef = 706E176E2A3C7C56007A77B3 /* DetailViewController.swift */; };
		706E17742A3C7C58007A77B3 /* Assets.xcassets in Resources */ = {isa = PBXBuildFile; fileRef = 706E17732A3C7C58007A77B3 /* Assets.xcassets */; };
		706E17772A3C7C58007A77B3 /* LaunchScreen.storyboard in Resources */ = {isa = PBXBuildFile; fileRef = 706E17752A3C7C58007A77B3 /* LaunchScreen.storyboard */; };
		706E177F2A3C7D3B007A77B3 /* TodoItem.swift in Sources */ = {isa = PBXBuildFile; fileRef = 706E177E2A3C7D3B007A77B3 /* TodoItem.swift */; };
		706E17812A3C7E44007A77B3 /* FileCache.swift in Sources */ = {isa = PBXBuildFile; fileRef = 706E17802A3C7E44007A77B3 /* FileCache.swift */; };
		706E17892A3C7EAE007A77B3 /* TodoItemTests.swift in Sources */ = {isa = PBXBuildFile; fileRef = 706E17882A3C7EAE007A77B3 /* TodoItemTests.swift */; };
		708135142A40FCE200A7D61C /* UIView+addSubviews().swift in Sources */ = {isa = PBXBuildFile; fileRef = 708135132A40FCE200A7D61C /* UIView+addSubviews().swift */; };
		708135172A40FDD600A7D61C /* UIStackView+addArrangedSubviews().swift in Sources */ = {isa = PBXBuildFile; fileRef = 708135162A40FDD600A7D61C /* UIStackView+addArrangedSubviews().swift */; };
		70A061292A44AF0F001603FF /* DeadlineDatePicker.swift in Sources */ = {isa = PBXBuildFile; fileRef = 70A061282A44AF0F001603FF /* DeadlineDatePicker.swift */; };
		70A0612B2A44B779001603FF /* DeleteButton.swift in Sources */ = {isa = PBXBuildFile; fileRef = 70A0612A2A44B778001603FF /* DeleteButton.swift */; };
		70A448E02A4B68CF00DB14E8 /* HomeViewController.swift in Sources */ = {isa = PBXBuildFile; fileRef = 70A448DF2A4B68CF00DB14E8 /* HomeViewController.swift */; };
		70A448E32A4B691300DB14E8 /* TaskTableViewCell.swift in Sources */ = {isa = PBXBuildFile; fileRef = 70A448E12A4B691200DB14E8 /* TaskTableViewCell.swift */; };
		70A448E42A4B691300DB14E8 /* CreateTaskTableViewCell.swift in Sources */ = {isa = PBXBuildFile; fileRef = 70A448E22A4B691300DB14E8 /* CreateTaskTableViewCell.swift */; };
		70D24ABE2A4FB12700A760B1 /* CocoaLumberjack in Frameworks */ = {isa = PBXBuildFile; productRef = 70D24ABD2A4FB12700A760B1 /* CocoaLumberjack */; };
		70D24AC02A4FB12700A760B1 /* CocoaLumberjackSwift in Frameworks */ = {isa = PBXBuildFile; productRef = 70D24ABF2A4FB12700A760B1 /* CocoaLumberjackSwift */; };
		70D24AC22A4FB12700A760B1 /* CocoaLumberjackSwiftLogBackend in Frameworks */ = {isa = PBXBuildFile; productRef = 70D24AC12A4FB12700A760B1 /* CocoaLumberjackSwiftLogBackend */; };
		70D24AEE2A4FBDD100A760B1 /* MyLibrary in Frameworks */ = {isa = PBXBuildFile; productRef = 70D24AED2A4FBDD100A760B1 /* MyLibrary */; };
		70E705132A4E07450011C2C5 /* Animation.swift in Sources */ = {isa = PBXBuildFile; fileRef = 70E705122A4E07450011C2C5 /* Animation.swift */; };
		70EE49F02A46A132008B6247 /* SF-Pro-Display-Bold.otf in Resources */ = {isa = PBXBuildFile; fileRef = 70EE49EF2A46A132008B6247 /* SF-Pro-Display-Bold.otf */; };
		70EE49F22A46A170008B6247 /* SF-Pro-Display-Semibold.otf in Resources */ = {isa = PBXBuildFile; fileRef = 70EE49F12A46A170008B6247 /* SF-Pro-Display-Semibold.otf */; };
		70EE49F42A46A1A6008B6247 /* SFProText-Regular.ttf in Resources */ = {isa = PBXBuildFile; fileRef = 70EE49F32A46A1A6008B6247 /* SFProText-Regular.ttf */; };
		70F1AA4C2A46273400303B7C /* ColorPicker.swift in Sources */ = {isa = PBXBuildFile; fileRef = 70F1AA4B2A46273400303B7C /* ColorPicker.swift */; };
		70F1AA4E2A463C1D00303B7C /* UIColor+hex.swift in Sources */ = {isa = PBXBuildFile; fileRef = 70F1AA4D2A463C1D00303B7C /* UIColor+hex.swift */; };
/* End PBXBuildFile section */

/* Begin PBXContainerItemProxy section */
		706E178A2A3C7EAE007A77B3 /* PBXContainerItemProxy */ = {
			isa = PBXContainerItemProxy;
			containerPortal = 706E175F2A3C7C56007A77B3 /* Project object */;
			proxyType = 1;
			remoteGlobalIDString = 706E17662A3C7C56007A77B3;
			remoteInfo = ToDoApp;
		};
/* End PBXContainerItemProxy section */

/* Begin PBXFileReference section */
		70284C582A442CF8007207D4 /* DescriptionTextView.swift */ = {isa = PBXFileReference; lastKnownFileType = sourcecode.swift; path = DescriptionTextView.swift; sourceTree = "<group>"; };
		70284C5A2A4434B0007207D4 /* DeadlineSwitch.swift */ = {isa = PBXFileReference; lastKnownFileType = sourcecode.swift; path = DeadlineSwitch.swift; sourceTree = "<group>"; };
		70284C5C2A4436E8007207D4 /* ImportanceSegmentControl.swift */ = {isa = PBXFileReference; lastKnownFileType = sourcecode.swift; path = ImportanceSegmentControl.swift; sourceTree = "<group>"; };
		70284C5E2A4439C5007207D4 /* SectionStackView.swift */ = {isa = PBXFileReference; lastKnownFileType = sourcecode.swift; path = SectionStackView.swift; sourceTree = "<group>"; };
		70284C602A443E93007207D4 /* UIFont+static.swift */ = {isa = PBXFileReference; lastKnownFileType = sourcecode.swift; path = "UIFont+static.swift"; sourceTree = "<group>"; };
		7061EACA2A4212520083FCC5 /* SFProText-Semibold.ttf */ = {isa = PBXFileReference; lastKnownFileType = file; path = "SFProText-Semibold.ttf"; sourceTree = "<group>"; };
		706E17672A3C7C56007A77B3 /* ToDoApp.app */ = {isa = PBXFileReference; explicitFileType = wrapper.application; includeInIndex = 0; path = ToDoApp.app; sourceTree = BUILT_PRODUCTS_DIR; };
		706E176A2A3C7C56007A77B3 /* AppDelegate.swift */ = {isa = PBXFileReference; lastKnownFileType = sourcecode.swift; path = AppDelegate.swift; sourceTree = "<group>"; };
		706E176E2A3C7C56007A77B3 /* DetailViewController.swift */ = {isa = PBXFileReference; lastKnownFileType = sourcecode.swift; path = DetailViewController.swift; sourceTree = "<group>"; };
		706E17732A3C7C58007A77B3 /* Assets.xcassets */ = {isa = PBXFileReference; lastKnownFileType = folder.assetcatalog; path = Assets.xcassets; sourceTree = "<group>"; };
		706E17762A3C7C58007A77B3 /* Base */ = {isa = PBXFileReference; lastKnownFileType = file.storyboard; name = Base; path = Base.lproj/LaunchScreen.storyboard; sourceTree = "<group>"; };
		706E17782A3C7C58007A77B3 /* Info.plist */ = {isa = PBXFileReference; lastKnownFileType = text.plist.xml; path = Info.plist; sourceTree = "<group>"; };
		706E177E2A3C7D3B007A77B3 /* TodoItem.swift */ = {isa = PBXFileReference; lastKnownFileType = sourcecode.swift; path = TodoItem.swift; sourceTree = "<group>"; };
		706E17802A3C7E44007A77B3 /* FileCache.swift */ = {isa = PBXFileReference; lastKnownFileType = sourcecode.swift; path = FileCache.swift; sourceTree = "<group>"; };
		706E17862A3C7EAE007A77B3 /* TodoItemTests.xctest */ = {isa = PBXFileReference; explicitFileType = wrapper.cfbundle; includeInIndex = 0; path = TodoItemTests.xctest; sourceTree = BUILT_PRODUCTS_DIR; };
		706E17882A3C7EAE007A77B3 /* TodoItemTests.swift */ = {isa = PBXFileReference; lastKnownFileType = sourcecode.swift; path = TodoItemTests.swift; sourceTree = "<group>"; };
		708135132A40FCE200A7D61C /* UIView+addSubviews().swift */ = {isa = PBXFileReference; lastKnownFileType = sourcecode.swift; path = "UIView+addSubviews().swift"; sourceTree = "<group>"; };
		708135162A40FDD600A7D61C /* UIStackView+addArrangedSubviews().swift */ = {isa = PBXFileReference; lastKnownFileType = sourcecode.swift; path = "UIStackView+addArrangedSubviews().swift"; sourceTree = "<group>"; };
		70A061282A44AF0F001603FF /* DeadlineDatePicker.swift */ = {isa = PBXFileReference; lastKnownFileType = sourcecode.swift; path = DeadlineDatePicker.swift; sourceTree = "<group>"; };
		70A0612A2A44B778001603FF /* DeleteButton.swift */ = {isa = PBXFileReference; lastKnownFileType = sourcecode.swift; path = DeleteButton.swift; sourceTree = "<group>"; };
		70A448DF2A4B68CF00DB14E8 /* HomeViewController.swift */ = {isa = PBXFileReference; fileEncoding = 4; lastKnownFileType = sourcecode.swift; path = HomeViewController.swift; sourceTree = "<group>"; };
		70A448E12A4B691200DB14E8 /* TaskTableViewCell.swift */ = {isa = PBXFileReference; fileEncoding = 4; lastKnownFileType = sourcecode.swift; path = TaskTableViewCell.swift; sourceTree = "<group>"; };
		70A448E22A4B691300DB14E8 /* CreateTaskTableViewCell.swift */ = {isa = PBXFileReference; fileEncoding = 4; lastKnownFileType = sourcecode.swift; path = CreateTaskTableViewCell.swift; sourceTree = "<group>"; };
		70E705122A4E07450011C2C5 /* Animation.swift */ = {isa = PBXFileReference; lastKnownFileType = sourcecode.swift; path = Animation.swift; sourceTree = "<group>"; };
		70EE49EF2A46A132008B6247 /* SF-Pro-Display-Bold.otf */ = {isa = PBXFileReference; lastKnownFileType = file; name = "SF-Pro-Display-Bold.otf"; path = "../../../../../../Downloads/Telegram Desktop/SF-Pro-Display 2/SF-Pro-Display-Bold.otf"; sourceTree = "<group>"; };
		70EE49F12A46A170008B6247 /* SF-Pro-Display-Semibold.otf */ = {isa = PBXFileReference; lastKnownFileType = file; name = "SF-Pro-Display-Semibold.otf"; path = "../../../../../../Downloads/Telegram Desktop/SF-Pro-Display 3/SF-Pro-Display-Semibold.otf"; sourceTree = "<group>"; };
		70EE49F32A46A1A6008B6247 /* SFProText-Regular.ttf */ = {isa = PBXFileReference; lastKnownFileType = file; name = "SFProText-Regular.ttf"; path = "../../../../../../Downloads/Telegram Desktop/SFProText-Regular.ttf"; sourceTree = "<group>"; };
		70F1AA4B2A46273400303B7C /* ColorPicker.swift */ = {isa = PBXFileReference; lastKnownFileType = sourcecode.swift; path = ColorPicker.swift; sourceTree = "<group>"; };
		70F1AA4D2A463C1D00303B7C /* UIColor+hex.swift */ = {isa = PBXFileReference; lastKnownFileType = sourcecode.swift; path = "UIColor+hex.swift"; sourceTree = "<group>"; };
/* End PBXFileReference section */

/* Begin PBXFrameworksBuildPhase section */
		706E17642A3C7C56007A77B3 /* Frameworks */ = {
			isa = PBXFrameworksBuildPhase;
			buildActionMask = 2147483647;
			files = (
				70D24AEE2A4FBDD100A760B1 /* MyLibrary in Frameworks */,
				70D24AC02A4FB12700A760B1 /* CocoaLumberjackSwift in Frameworks */,
				70D24AC22A4FB12700A760B1 /* CocoaLumberjackSwiftLogBackend in Frameworks */,
				70D24ABE2A4FB12700A760B1 /* CocoaLumberjack in Frameworks */,
			);
			runOnlyForDeploymentPostprocessing = 0;
		};
		706E17832A3C7EAE007A77B3 /* Frameworks */ = {
			isa = PBXFrameworksBuildPhase;
			buildActionMask = 2147483647;
			files = (
			);
			runOnlyForDeploymentPostprocessing = 0;
		};
/* End PBXFrameworksBuildPhase section */

/* Begin PBXGroup section */
		7061EAAD2A4200C30083FCC5 /* Fonts */ = {
			isa = PBXGroup;
			children = (
				7061EACA2A4212520083FCC5 /* SFProText-Semibold.ttf */,
				70EE49F12A46A170008B6247 /* SF-Pro-Display-Semibold.otf */,
				70EE49EF2A46A132008B6247 /* SF-Pro-Display-Bold.otf */,
				70EE49F32A46A1A6008B6247 /* SFProText-Regular.ttf */,
			);
			path = Fonts;
			sourceTree = "<group>";
		};
		706E175E2A3C7C56007A77B3 = {
			isa = PBXGroup;
			children = (
				706E17692A3C7C56007A77B3 /* ToDoApp */,
				706E17872A3C7EAE007A77B3 /* TodoItemTests */,
				706E17682A3C7C56007A77B3 /* Products */,
			);
			sourceTree = "<group>";
		};
		706E17682A3C7C56007A77B3 /* Products */ = {
			isa = PBXGroup;
			children = (
				706E17672A3C7C56007A77B3 /* ToDoApp.app */,
				706E17862A3C7EAE007A77B3 /* TodoItemTests.xctest */,
			);
			name = Products;
			sourceTree = "<group>";
		};
		706E17692A3C7C56007A77B3 /* ToDoApp */ = {
			isa = PBXGroup;
			children = (
				706E17782A3C7C58007A77B3 /* Info.plist */,
				70EE49EE2A46A07C008B6247 /* Supporting Files */,
				70EE49EC2A46A034008B6247 /* Controllers */,
				70EE49EB2A46A019008B6247 /* Views */,
				708135152A40FCE800A7D61C /* Extensions */,
				70EE49ED2A46A04B008B6247 /* Models */,
			);
			path = ToDoApp;
			sourceTree = "<group>";
		};
		706E17872A3C7EAE007A77B3 /* TodoItemTests */ = {
			isa = PBXGroup;
			children = (
				706E17882A3C7EAE007A77B3 /* TodoItemTests.swift */,
			);
			path = TodoItemTests;
			sourceTree = "<group>";
		};
		708135152A40FCE800A7D61C /* Extensions */ = {
			isa = PBXGroup;
			children = (
				708135132A40FCE200A7D61C /* UIView+addSubviews().swift */,
				708135162A40FDD600A7D61C /* UIStackView+addArrangedSubviews().swift */,
				70284C602A443E93007207D4 /* UIFont+static.swift */,
				70F1AA4D2A463C1D00303B7C /* UIColor+hex.swift */,
			);
			path = Extensions;
			sourceTree = "<group>";
		};
		70EE49EB2A46A019008B6247 /* Views */ = {
			isa = PBXGroup;
			children = (
				70A0612A2A44B778001603FF /* DeleteButton.swift */,
				70F1AA4B2A46273400303B7C /* ColorPicker.swift */,
				70284C5E2A4439C5007207D4 /* SectionStackView.swift */,
				70A448E22A4B691300DB14E8 /* CreateTaskTableViewCell.swift */,
				70A448E12A4B691200DB14E8 /* TaskTableViewCell.swift */,
				70A061282A44AF0F001603FF /* DeadlineDatePicker.swift */,
				70284C5A2A4434B0007207D4 /* DeadlineSwitch.swift */,
				70284C582A442CF8007207D4 /* DescriptionTextView.swift */,
				70284C5C2A4436E8007207D4 /* ImportanceSegmentControl.swift */,
			);
			path = Views;
			sourceTree = "<group>";
		};
		70EE49EC2A46A034008B6247 /* Controllers */ = {
			isa = PBXGroup;
			children = (
				706E176E2A3C7C56007A77B3 /* DetailViewController.swift */,
				70E705122A4E07450011C2C5 /* Animation.swift */,
				70A448DF2A4B68CF00DB14E8 /* HomeViewController.swift */,
			);
			path = Controllers;
			sourceTree = "<group>";
		};
		70EE49ED2A46A04B008B6247 /* Models */ = {
			isa = PBXGroup;
			children = (
				706E177E2A3C7D3B007A77B3 /* TodoItem.swift */,
				706E17802A3C7E44007A77B3 /* FileCache.swift */,
			);
			path = Models;
			sourceTree = "<group>";
		};
		70EE49EE2A46A07C008B6247 /* Supporting Files */ = {
			isa = PBXGroup;
			children = (
				7061EAAD2A4200C30083FCC5 /* Fonts */,
				706E176A2A3C7C56007A77B3 /* AppDelegate.swift */,
				706E17732A3C7C58007A77B3 /* Assets.xcassets */,
				706E17752A3C7C58007A77B3 /* LaunchScreen.storyboard */,
			);
			path = "Supporting Files";
			sourceTree = "<group>";
		};
/* End PBXGroup section */

/* Begin PBXNativeTarget section */
		706E17662A3C7C56007A77B3 /* ToDoApp */ = {
			isa = PBXNativeTarget;
			buildConfigurationList = 706E177B2A3C7C58007A77B3 /* Build configuration list for PBXNativeTarget "ToDoApp" */;
			buildPhases = (
				706E17632A3C7C56007A77B3 /* Sources */,
				706E17642A3C7C56007A77B3 /* Frameworks */,
				706E17652A3C7C56007A77B3 /* Resources */,
			);
			buildRules = (
			);
			dependencies = (
			);
			name = ToDoApp;
			packageProductDependencies = (
				70D24ABD2A4FB12700A760B1 /* CocoaLumberjack */,
				70D24ABF2A4FB12700A760B1 /* CocoaLumberjackSwift */,
				70D24AC12A4FB12700A760B1 /* CocoaLumberjackSwiftLogBackend */,
				70D24AED2A4FBDD100A760B1 /* MyLibrary */,
			);
			productName = ToDoApp;
			productReference = 706E17672A3C7C56007A77B3 /* ToDoApp.app */;
			productType = "com.apple.product-type.application";
		};
		706E17852A3C7EAE007A77B3 /* TodoItemTests */ = {
			isa = PBXNativeTarget;
			buildConfigurationList = 706E178C2A3C7EAE007A77B3 /* Build configuration list for PBXNativeTarget "TodoItemTests" */;
			buildPhases = (
				706E17822A3C7EAE007A77B3 /* Sources */,
				706E17832A3C7EAE007A77B3 /* Frameworks */,
				706E17842A3C7EAE007A77B3 /* Resources */,
			);
			buildRules = (
			);
			dependencies = (
				706E178B2A3C7EAE007A77B3 /* PBXTargetDependency */,
			);
			name = TodoItemTests;
			productName = TodoItemTests;
			productReference = 706E17862A3C7EAE007A77B3 /* TodoItemTests.xctest */;
			productType = "com.apple.product-type.bundle.unit-test";
		};
/* End PBXNativeTarget section */

/* Begin PBXProject section */
		706E175F2A3C7C56007A77B3 /* Project object */ = {
			isa = PBXProject;
			attributes = {
				BuildIndependentTargetsInParallel = 1;
				LastSwiftUpdateCheck = 1500;
				LastUpgradeCheck = 1500;
				TargetAttributes = {
					706E17662A3C7C56007A77B3 = {
						CreatedOnToolsVersion = 15.0;
					};
					706E17852A3C7EAE007A77B3 = {
						CreatedOnToolsVersion = 15.0;
						TestTargetID = 706E17662A3C7C56007A77B3;
					};
				};
			};
			buildConfigurationList = 706E17622A3C7C56007A77B3 /* Build configuration list for PBXProject "ToDoApp" */;
			compatibilityVersion = "Xcode 14.0";
			developmentRegion = en;
			hasScannedForEncodings = 0;
			knownRegions = (
				en,
				Base,
			);
			mainGroup = 706E175E2A3C7C56007A77B3;
			packageReferences = (
				70D24ABC2A4FB12700A760B1 /* XCRemoteSwiftPackageReference "CocoaLumberjack" */,
				70D24AEC2A4FBDD000A760B1 /* XCRemoteSwiftPackageReference "TodoItem-Package" */,
			);
			productRefGroup = 706E17682A3C7C56007A77B3 /* Products */;
			projectDirPath = "";
			projectRoot = "";
			targets = (
				706E17662A3C7C56007A77B3 /* ToDoApp */,
				706E17852A3C7EAE007A77B3 /* TodoItemTests */,
			);
		};
/* End PBXProject section */

/* Begin PBXResourcesBuildPhase section */
		706E17652A3C7C56007A77B3 /* Resources */ = {
			isa = PBXResourcesBuildPhase;
			buildActionMask = 2147483647;
			files = (
				706E17772A3C7C58007A77B3 /* LaunchScreen.storyboard in Resources */,
				70EE49F02A46A132008B6247 /* SF-Pro-Display-Bold.otf in Resources */,
				70EE49F42A46A1A6008B6247 /* SFProText-Regular.ttf in Resources */,
				70EE49F22A46A170008B6247 /* SF-Pro-Display-Semibold.otf in Resources */,
				706E17742A3C7C58007A77B3 /* Assets.xcassets in Resources */,
				7061EACB2A4212520083FCC5 /* SFProText-Semibold.ttf in Resources */,
			);
			runOnlyForDeploymentPostprocessing = 0;
		};
		706E17842A3C7EAE007A77B3 /* Resources */ = {
			isa = PBXResourcesBuildPhase;
			buildActionMask = 2147483647;
			files = (
			);
			runOnlyForDeploymentPostprocessing = 0;
		};
/* End PBXResourcesBuildPhase section */

/* Begin PBXSourcesBuildPhase section */
		706E17632A3C7C56007A77B3 /* Sources */ = {
			isa = PBXSourcesBuildPhase;
			buildActionMask = 2147483647;
			files = (
				70284C592A442CF8007207D4 /* DescriptionTextView.swift in Sources */,
				70284C5D2A4436E8007207D4 /* ImportanceSegmentControl.swift in Sources */,
				70F1AA4C2A46273400303B7C /* ColorPicker.swift in Sources */,
				70284C612A443E93007207D4 /* UIFont+static.swift in Sources */,
				706E176F2A3C7C56007A77B3 /* DetailViewController.swift in Sources */,
				70A0612B2A44B779001603FF /* DeleteButton.swift in Sources */,
				708135142A40FCE200A7D61C /* UIView+addSubviews().swift in Sources */,
				706E176B2A3C7C56007A77B3 /* AppDelegate.swift in Sources */,
				706E177F2A3C7D3B007A77B3 /* TodoItem.swift in Sources */,
				70F1AA4E2A463C1D00303B7C /* UIColor+hex.swift in Sources */,
				70A448E42A4B691300DB14E8 /* CreateTaskTableViewCell.swift in Sources */,
				706E17812A3C7E44007A77B3 /* FileCache.swift in Sources */,
				70A448E32A4B691300DB14E8 /* TaskTableViewCell.swift in Sources */,
				70A448E02A4B68CF00DB14E8 /* HomeViewController.swift in Sources */,
				70E705132A4E07450011C2C5 /* Animation.swift in Sources */,
				708135172A40FDD600A7D61C /* UIStackView+addArrangedSubviews().swift in Sources */,
				70284C5F2A4439C5007207D4 /* SectionStackView.swift in Sources */,
				70284C5B2A4434B0007207D4 /* DeadlineSwitch.swift in Sources */,
				70A061292A44AF0F001603FF /* DeadlineDatePicker.swift in Sources */,
			);
			runOnlyForDeploymentPostprocessing = 0;
		};
		706E17822A3C7EAE007A77B3 /* Sources */ = {
			isa = PBXSourcesBuildPhase;
			buildActionMask = 2147483647;
			files = (
				706E17892A3C7EAE007A77B3 /* TodoItemTests.swift in Sources */,
			);
			runOnlyForDeploymentPostprocessing = 0;
		};
/* End PBXSourcesBuildPhase section */

/* Begin PBXTargetDependency section */
		706E178B2A3C7EAE007A77B3 /* PBXTargetDependency */ = {
			isa = PBXTargetDependency;
			target = 706E17662A3C7C56007A77B3 /* ToDoApp */;
			targetProxy = 706E178A2A3C7EAE007A77B3 /* PBXContainerItemProxy */;
		};
/* End PBXTargetDependency section */

/* Begin PBXVariantGroup section */
		706E17752A3C7C58007A77B3 /* LaunchScreen.storyboard */ = {
			isa = PBXVariantGroup;
			children = (
				706E17762A3C7C58007A77B3 /* Base */,
			);
			name = LaunchScreen.storyboard;
			sourceTree = "<group>";
		};
/* End PBXVariantGroup section */

/* Begin XCBuildConfiguration section */
		706E17792A3C7C58007A77B3 /* Debug */ = {
			isa = XCBuildConfiguration;
			buildSettings = {
				ALWAYS_SEARCH_USER_PATHS = NO;
				ASSETCATALOG_COMPILER_GENERATE_SWIFT_ASSET_SYMBOL_EXTENSIONS = YES;
				CLANG_ANALYZER_NONNULL = YES;
				CLANG_ANALYZER_NUMBER_OBJECT_CONVERSION = YES_AGGRESSIVE;
				CLANG_CXX_LANGUAGE_STANDARD = "gnu++20";
				CLANG_ENABLE_MODULES = YES;
				CLANG_ENABLE_OBJC_ARC = YES;
				CLANG_ENABLE_OBJC_WEAK = YES;
				CLANG_WARN_BLOCK_CAPTURE_AUTORELEASING = YES;
				CLANG_WARN_BOOL_CONVERSION = YES;
				CLANG_WARN_COMMA = YES;
				CLANG_WARN_CONSTANT_CONVERSION = YES;
				CLANG_WARN_DEPRECATED_OBJC_IMPLEMENTATIONS = YES;
				CLANG_WARN_DIRECT_OBJC_ISA_USAGE = YES_ERROR;
				CLANG_WARN_DOCUMENTATION_COMMENTS = YES;
				CLANG_WARN_EMPTY_BODY = YES;
				CLANG_WARN_ENUM_CONVERSION = YES;
				CLANG_WARN_INFINITE_RECURSION = YES;
				CLANG_WARN_INT_CONVERSION = YES;
				CLANG_WARN_NON_LITERAL_NULL_CONVERSION = YES;
				CLANG_WARN_OBJC_IMPLICIT_RETAIN_SELF = YES;
				CLANG_WARN_OBJC_LITERAL_CONVERSION = YES;
				CLANG_WARN_OBJC_ROOT_CLASS = YES_ERROR;
				CLANG_WARN_QUOTED_INCLUDE_IN_FRAMEWORK_HEADER = YES;
				CLANG_WARN_RANGE_LOOP_ANALYSIS = YES;
				CLANG_WARN_STRICT_PROTOTYPES = YES;
				CLANG_WARN_SUSPICIOUS_MOVE = YES;
				CLANG_WARN_UNGUARDED_AVAILABILITY = YES_AGGRESSIVE;
				CLANG_WARN_UNREACHABLE_CODE = YES;
				CLANG_WARN__DUPLICATE_METHOD_MATCH = YES;
				COPY_PHASE_STRIP = NO;
				DEBUG_INFORMATION_FORMAT = dwarf;
				ENABLE_STRICT_OBJC_MSGSEND = YES;
				ENABLE_TESTABILITY = YES;
				ENABLE_USER_SCRIPT_SANDBOXING = YES;
				GCC_C_LANGUAGE_STANDARD = gnu17;
				GCC_DYNAMIC_NO_PIC = NO;
				GCC_NO_COMMON_BLOCKS = YES;
				GCC_OPTIMIZATION_LEVEL = 0;
				GCC_PREPROCESSOR_DEFINITIONS = (
					"DEBUG=1",
					"$(inherited)",
				);
				GCC_WARN_64_TO_32_BIT_CONVERSION = YES;
				GCC_WARN_ABOUT_RETURN_TYPE = YES_ERROR;
				GCC_WARN_UNDECLARED_SELECTOR = YES;
				GCC_WARN_UNINITIALIZED_AUTOS = YES_AGGRESSIVE;
				GCC_WARN_UNUSED_FUNCTION = YES;
				GCC_WARN_UNUSED_VARIABLE = YES;
				IPHONEOS_DEPLOYMENT_TARGET = 17.0;
				LOCALIZATION_PREFERS_STRING_CATALOGS = YES;
				MTL_ENABLE_DEBUG_INFO = INCLUDE_SOURCE;
				MTL_FAST_MATH = YES;
				ONLY_ACTIVE_ARCH = YES;
				SDKROOT = iphoneos;
				SWIFT_ACTIVE_COMPILATION_CONDITIONS = "DEBUG $(inherited)";
				SWIFT_OPTIMIZATION_LEVEL = "-Onone";
			};
			name = Debug;
		};
		706E177A2A3C7C58007A77B3 /* Release */ = {
			isa = XCBuildConfiguration;
			buildSettings = {
				ALWAYS_SEARCH_USER_PATHS = NO;
				ASSETCATALOG_COMPILER_GENERATE_SWIFT_ASSET_SYMBOL_EXTENSIONS = YES;
				CLANG_ANALYZER_NONNULL = YES;
				CLANG_ANALYZER_NUMBER_OBJECT_CONVERSION = YES_AGGRESSIVE;
				CLANG_CXX_LANGUAGE_STANDARD = "gnu++20";
				CLANG_ENABLE_MODULES = YES;
				CLANG_ENABLE_OBJC_ARC = YES;
				CLANG_ENABLE_OBJC_WEAK = YES;
				CLANG_WARN_BLOCK_CAPTURE_AUTORELEASING = YES;
				CLANG_WARN_BOOL_CONVERSION = YES;
				CLANG_WARN_COMMA = YES;
				CLANG_WARN_CONSTANT_CONVERSION = YES;
				CLANG_WARN_DEPRECATED_OBJC_IMPLEMENTATIONS = YES;
				CLANG_WARN_DIRECT_OBJC_ISA_USAGE = YES_ERROR;
				CLANG_WARN_DOCUMENTATION_COMMENTS = YES;
				CLANG_WARN_EMPTY_BODY = YES;
				CLANG_WARN_ENUM_CONVERSION = YES;
				CLANG_WARN_INFINITE_RECURSION = YES;
				CLANG_WARN_INT_CONVERSION = YES;
				CLANG_WARN_NON_LITERAL_NULL_CONVERSION = YES;
				CLANG_WARN_OBJC_IMPLICIT_RETAIN_SELF = YES;
				CLANG_WARN_OBJC_LITERAL_CONVERSION = YES;
				CLANG_WARN_OBJC_ROOT_CLASS = YES_ERROR;
				CLANG_WARN_QUOTED_INCLUDE_IN_FRAMEWORK_HEADER = YES;
				CLANG_WARN_RANGE_LOOP_ANALYSIS = YES;
				CLANG_WARN_STRICT_PROTOTYPES = YES;
				CLANG_WARN_SUSPICIOUS_MOVE = YES;
				CLANG_WARN_UNGUARDED_AVAILABILITY = YES_AGGRESSIVE;
				CLANG_WARN_UNREACHABLE_CODE = YES;
				CLANG_WARN__DUPLICATE_METHOD_MATCH = YES;
				COPY_PHASE_STRIP = NO;
				DEBUG_INFORMATION_FORMAT = "dwarf-with-dsym";
				ENABLE_NS_ASSERTIONS = NO;
				ENABLE_STRICT_OBJC_MSGSEND = YES;
				ENABLE_USER_SCRIPT_SANDBOXING = YES;
				GCC_C_LANGUAGE_STANDARD = gnu17;
				GCC_NO_COMMON_BLOCKS = YES;
				GCC_WARN_64_TO_32_BIT_CONVERSION = YES;
				GCC_WARN_ABOUT_RETURN_TYPE = YES_ERROR;
				GCC_WARN_UNDECLARED_SELECTOR = YES;
				GCC_WARN_UNINITIALIZED_AUTOS = YES_AGGRESSIVE;
				GCC_WARN_UNUSED_FUNCTION = YES;
				GCC_WARN_UNUSED_VARIABLE = YES;
				IPHONEOS_DEPLOYMENT_TARGET = 17.0;
				LOCALIZATION_PREFERS_STRING_CATALOGS = YES;
				MTL_ENABLE_DEBUG_INFO = NO;
				MTL_FAST_MATH = YES;
				SDKROOT = iphoneos;
				SWIFT_COMPILATION_MODE = wholemodule;
				VALIDATE_PRODUCT = YES;
			};
			name = Release;
		};
		706E177C2A3C7C58007A77B3 /* Debug */ = {
			isa = XCBuildConfiguration;
			buildSettings = {
				ASSETCATALOG_COMPILER_APPICON_NAME = AppIcon;
				ASSETCATALOG_COMPILER_GLOBAL_ACCENT_COLOR_NAME = AccentColor;
				CODE_SIGN_STYLE = Automatic;
				CURRENT_PROJECT_VERSION = 1;
				DEVELOPMENT_TEAM = NWG2G9JHN2;
				GENERATE_INFOPLIST_FILE = YES;
				INFOPLIST_FILE = ToDoApp/Info.plist;
				INFOPLIST_KEY_UIApplicationSupportsIndirectInputEvents = YES;
				INFOPLIST_KEY_UILaunchStoryboardName = LaunchScreen;
				INFOPLIST_KEY_UISupportedInterfaceOrientations_iPad = "UIInterfaceOrientationPortrait UIInterfaceOrientationPortraitUpsideDown UIInterfaceOrientationLandscapeLeft UIInterfaceOrientationLandscapeRight";
				INFOPLIST_KEY_UISupportedInterfaceOrientations_iPhone = "UIInterfaceOrientationPortrait UIInterfaceOrientationLandscapeLeft UIInterfaceOrientationLandscapeRight";
				IPHONEOS_DEPLOYMENT_TARGET = 16.0;
				LD_RUNPATH_SEARCH_PATHS = (
					"$(inherited)",
					"@executable_path/Frameworks",
				);
				MARKETING_VERSION = 1.0;
				PRODUCT_BUNDLE_IDENTIFIER = ru.exposes.ToDoApp;
				PRODUCT_NAME = "$(TARGET_NAME)";
				SWIFT_EMIT_LOC_STRINGS = YES;
				SWIFT_VERSION = 5.0;
				TARGETED_DEVICE_FAMILY = "1,2";
			};
			name = Debug;
		};
		706E177D2A3C7C58007A77B3 /* Release */ = {
			isa = XCBuildConfiguration;
			buildSettings = {
				ASSETCATALOG_COMPILER_APPICON_NAME = AppIcon;
				ASSETCATALOG_COMPILER_GLOBAL_ACCENT_COLOR_NAME = AccentColor;
				CODE_SIGN_STYLE = Automatic;
				CURRENT_PROJECT_VERSION = 1;
				DEVELOPMENT_TEAM = NWG2G9JHN2;
				GENERATE_INFOPLIST_FILE = YES;
				INFOPLIST_FILE = ToDoApp/Info.plist;
				INFOPLIST_KEY_UIApplicationSupportsIndirectInputEvents = YES;
				INFOPLIST_KEY_UILaunchStoryboardName = LaunchScreen;
				INFOPLIST_KEY_UISupportedInterfaceOrientations_iPad = "UIInterfaceOrientationPortrait UIInterfaceOrientationPortraitUpsideDown UIInterfaceOrientationLandscapeLeft UIInterfaceOrientationLandscapeRight";
				INFOPLIST_KEY_UISupportedInterfaceOrientations_iPhone = "UIInterfaceOrientationPortrait UIInterfaceOrientationLandscapeLeft UIInterfaceOrientationLandscapeRight";
				IPHONEOS_DEPLOYMENT_TARGET = 16.0;
				LD_RUNPATH_SEARCH_PATHS = (
					"$(inherited)",
					"@executable_path/Frameworks",
				);
				MARKETING_VERSION = 1.0;
				PRODUCT_BUNDLE_IDENTIFIER = ru.exposes.ToDoApp;
				PRODUCT_NAME = "$(TARGET_NAME)";
				SWIFT_EMIT_LOC_STRINGS = YES;
				SWIFT_VERSION = 5.0;
				TARGETED_DEVICE_FAMILY = "1,2";
			};
			name = Release;
		};
		706E178D2A3C7EAE007A77B3 /* Debug */ = {
			isa = XCBuildConfiguration;
			buildSettings = {
				BUNDLE_LOADER = "$(TEST_HOST)";
				CODE_SIGN_STYLE = Automatic;
				CURRENT_PROJECT_VERSION = 1;
				DEVELOPMENT_TEAM = NWG2G9JHN2;
				GENERATE_INFOPLIST_FILE = YES;
				MARKETING_VERSION = 1.0;
				PRODUCT_BUNDLE_IDENTIFIER = ru.exposes.TodoItemTests;
				PRODUCT_NAME = "$(TARGET_NAME)";
				SWIFT_EMIT_LOC_STRINGS = NO;
				SWIFT_VERSION = 5.0;
				TARGETED_DEVICE_FAMILY = "1,2";
				TEST_HOST = "$(BUILT_PRODUCTS_DIR)/ToDoApp.app/$(BUNDLE_EXECUTABLE_FOLDER_PATH)/ToDoApp";
			};
			name = Debug;
		};
		706E178E2A3C7EAE007A77B3 /* Release */ = {
			isa = XCBuildConfiguration;
			buildSettings = {
				BUNDLE_LOADER = "$(TEST_HOST)";
				CODE_SIGN_STYLE = Automatic;
				CURRENT_PROJECT_VERSION = 1;
				DEVELOPMENT_TEAM = NWG2G9JHN2;
				GENERATE_INFOPLIST_FILE = YES;
				MARKETING_VERSION = 1.0;
				PRODUCT_BUNDLE_IDENTIFIER = ru.exposes.TodoItemTests;
				PRODUCT_NAME = "$(TARGET_NAME)";
				SWIFT_EMIT_LOC_STRINGS = NO;
				SWIFT_VERSION = 5.0;
				TARGETED_DEVICE_FAMILY = "1,2";
				TEST_HOST = "$(BUILT_PRODUCTS_DIR)/ToDoApp.app/$(BUNDLE_EXECUTABLE_FOLDER_PATH)/ToDoApp";
			};
			name = Release;
		};
/* End XCBuildConfiguration section */

/* Begin XCConfigurationList section */
		706E17622A3C7C56007A77B3 /* Build configuration list for PBXProject "ToDoApp" */ = {
			isa = XCConfigurationList;
			buildConfigurations = (
				706E17792A3C7C58007A77B3 /* Debug */,
				706E177A2A3C7C58007A77B3 /* Release */,
			);
			defaultConfigurationIsVisible = 0;
			defaultConfigurationName = Release;
		};
		706E177B2A3C7C58007A77B3 /* Build configuration list for PBXNativeTarget "ToDoApp" */ = {
			isa = XCConfigurationList;
			buildConfigurations = (
				706E177C2A3C7C58007A77B3 /* Debug */,
				706E177D2A3C7C58007A77B3 /* Release */,
			);
			defaultConfigurationIsVisible = 0;
			defaultConfigurationName = Release;
		};
		706E178C2A3C7EAE007A77B3 /* Build configuration list for PBXNativeTarget "TodoItemTests" */ = {
			isa = XCConfigurationList;
			buildConfigurations = (
				706E178D2A3C7EAE007A77B3 /* Debug */,
				706E178E2A3C7EAE007A77B3 /* Release */,
			);
			defaultConfigurationIsVisible = 0;
			defaultConfigurationName = Release;
		};
/* End XCConfigurationList section */

/* Begin XCRemoteSwiftPackageReference section */
		70D24ABC2A4FB12700A760B1 /* XCRemoteSwiftPackageReference "CocoaLumberjack" */ = {
			isa = XCRemoteSwiftPackageReference;
			repositoryURL = "https://github.com/CocoaLumberjack/CocoaLumberjack.git";
			requirement = {
				kind = upToNextMajorVersion;
				minimumVersion = 3.8.0;
			};
		};
		70D24AEC2A4FBDD000A760B1 /* XCRemoteSwiftPackageReference "TodoItem-Package" */ = {
			isa = XCRemoteSwiftPackageReference;
			repositoryURL = "https://github.com/ExPoSeS2811/TodoItem-Package.git";
			requirement = {
				branch = main;
				kind = branch;
			};
		};
/* End XCRemoteSwiftPackageReference section */

/* Begin XCSwiftPackageProductDependency section */
		70D24ABD2A4FB12700A760B1 /* CocoaLumberjack */ = {
			isa = XCSwiftPackageProductDependency;
			package = 70D24ABC2A4FB12700A760B1 /* XCRemoteSwiftPackageReference "CocoaLumberjack" */;
			productName = CocoaLumberjack;
		};
		70D24ABF2A4FB12700A760B1 /* CocoaLumberjackSwift */ = {
			isa = XCSwiftPackageProductDependency;
			package = 70D24ABC2A4FB12700A760B1 /* XCRemoteSwiftPackageReference "CocoaLumberjack" */;
			productName = CocoaLumberjackSwift;
		};
		70D24AC12A4FB12700A760B1 /* CocoaLumberjackSwiftLogBackend */ = {
			isa = XCSwiftPackageProductDependency;
			package = 70D24ABC2A4FB12700A760B1 /* XCRemoteSwiftPackageReference "CocoaLumberjack" */;
			productName = CocoaLumberjackSwiftLogBackend;
		};
		70D24AED2A4FBDD100A760B1 /* MyLibrary */ = {
			isa = XCSwiftPackageProductDependency;
			package = 70D24AEC2A4FBDD000A760B1 /* XCRemoteSwiftPackageReference "TodoItem-Package" */;
			productName = MyLibrary;
		};
/* End XCSwiftPackageProductDependency section */
	};
	rootObject = 706E175F2A3C7C56007A77B3 /* Project object */;
}
